PODS:
  - iOS-Color-Picker (1.2)

DEPENDENCIES:
  - iOS-Color-Picker

SPEC REPOS:
  https://github.com/cocoapods/specs.git:
    - iOS-Color-Picker

SPEC CHECKSUMS:
  iOS-Color-Picker: 4284a4d744a7cafe9d22d4b66eefc45342b80f1d

PODFILE CHECKSUM: c6e76617ed77129e32cb82683b17ee179bf5e99d

COCOAPODS: 1.6.1
